Microsoft Visual Studio Solution File, Format Version 12.00
# Visual Studio Version 17
VisualStudioVersion = 17.5.2.0
MinimumVisualStudioVersion = 10.0.40219.1
Project("{2150E333-8FDC-42A3-9474-1A3956D46DE8}") = "exercicis", "exercicis", "{B458C918-99C9-3C5B-4733-12801E6B4202}"
EndProject
Project("{FAE04EC0-301F-11D3-BF4B-00C04F79EFBC}") = "exercici1", "exercicis\exercici1\exercici1.csproj", "{9F3E1CF5-0C51-EA7F-28D0-8D554C242207}"
EndProject
Global
	GlobalSection(SolutionConfigurationPlatforms) = preSolution
		Debug|Any CPU = Debug|Any CPU
		Release|Any CPU = Release|Any CPU
	EndGlobalSection
	GlobalSection(ProjectConfigurationPlatforms) = postSolution
		{9F3E1CF5-0C51-EA7F-28D0-8D554C242207}.Debug|Any CPU.ActiveCfg = Debug|Any CPU
		{9F3E1CF5-0C51-EA7F-28D0-8D554C242207}.Debug|Any CPU.Build.0 = Debug|Any CPU
		{9F3E1CF5-0C51-EA7F-28D0-8D554C242207}.Release|Any CPU.ActiveCfg = Release|Any CPU
		{9F3E1CF5-0C51-EA7F-28D0-8D554C242207}.Release|Any CPU.Build.0 = Release|Any CPU
	EndGlobalSection
	GlobalSection(SolutionProperties) = preSolution
		HideSolutionNode = FALSE
	EndGlobalSection
	GlobalSection(NestedProjects) = preSolution
		{9F3E1CF5-0C51-EA7F-28D0-8D554C242207} = {B458C918-99C9-3C5B-4733-12801E6B4202}
	EndGlobalSection
	GlobalSection(ExtensibilityGlobals) = postSolution
		SolutionGuid = {0D1FC053-6D76-4825-8140-8CBEF5FF4E02}
	EndGlobalSection
EndGlobal
